
Microsoft Visual Studio Solution File, Format Version 11.00
# Visual Studio 2010
Project("{FAE04EC0-301F-11D3-BF4B-00C04F79EFBC}") = "VPlanPRS", "VPlanPRS\VPlanPRS.csproj", "{6BCBC3A2-97EB-4516-9136-73BEAC2CDBA6}"
EndProject
Global
	GlobalSection(SolutionConfigurationPlatforms) = preSolution
		Debug|Any CPU = Debug|Any CPU
		Release|Any CPU = Release|Any CPU
	EndGlobalSection
	GlobalSection(ProjectConfigurationPlatforms) = postSolution
		{6BCBC3A2-97EB-4516-9136-73BEAC2CDBA6}.Debug|Any CPU.ActiveCfg = Debug|Any CPU
		{6BCBC3A2-97EB-4516-9136-73BEAC2CDBA6}.Debug|Any CPU.Build.0 = Debug|Any CPU
		{6BCBC3A2-97EB-4516-9136-73BEAC2CDBA6}.Release|Any CPU.ActiveCfg = Release|Any CPU
		{6BCBC3A2-97EB-4516-9136-73BEAC2CDBA6}.Release|Any CPU.Build.0 = Release|Any CPU
	EndGlobalSection
	GlobalSection(MonoDevelopProperties) = preSolution
		StartupItem = VPlanPRS\VPlanPRS.csproj
	EndGlobalSection
EndGlobal
